# THIS IS AN AUTOGENERATED FILE. DO NOT EDIT THIS FILE DIRECTLY.
# yarn lockfile v1


"@babel/polyfill@^7.4.3":
  version "7.4.4"
  resolved "https://repo.forge.lmig.com/api/npm/npm/@babel/polyfill/-/polyfill-7.4.4.tgz#78801cf3dbe657844eeabf31c1cae3828051e893"
  integrity sha1-eIAc89vmV4RO6r8xwcrjgoBR6JM=
  dependencies:
    core-js "^2.6.5"
    regenerator-runtime "^0.13.2"

auto-changelog@^1.13.0:
  version "1.13.0"
  resolved "https://repo.forge.lmig.com/api/npm/npm/auto-changelog/-/auto-changelog-1.13.0.tgz#d082444d1ae9411e4ab83b6e82ed0fcb95f7d471"
  integrity sha1-0IJETRrpQR5KuDtugu0Py5X31HE=
  dependencies:
    "@babel/polyfill" "^7.4.3"
    commander "^2.20.0"
    handlebars "^4.0.12"
    lodash.uniqby "^4.7.0"
    node-fetch "^2.3.0"
    parse-github-url "^1.0.2"
    semver "^6.0.0"

commander@^2.20.0, commander@~2.20.0:
  version "2.20.0"
  resolved "https://repo.forge.lmig.com/api/npm/npm/commander/-/commander-2.20.0.tgz#d58bb2b5c1ee8f87b0d340027e9e94e222c5a422"
  integrity sha1-1YuytcHuj4ew00ACfp6U4iLFpCI=

core-js@^2.6.5:
  version "2.6.6"
  resolved "https://repo.forge.lmig.com/api/npm/npm/core-js/-/core-js-2.6.6.tgz#00eb6d6bf815471cc16d8563edd7d38786dec50b"
  integrity sha1-AOtta/gVRxzBbYVj7dfTh4bexQs=

handlebars@^4.0.12:
  version "4.1.2"
  resolved "https://repo.forge.lmig.com/api/npm/npm/handlebars/-/handlebars-4.1.2.tgz#b6b37c1ced0306b221e094fc7aca3ec23b131b67"
  integrity sha1-trN8HO0DBrIh4JT8eso+wjsTG2c=
  dependencies:
    neo-async "^2.6.0"
    optimist "^0.6.1"
    source-map "^0.6.1"
  optionalDependencies:
    uglify-js "^3.1.4"

lodash.uniqby@^4.7.0:
  version "4.7.0"
  resolved "https://repo.forge.lmig.com/api/npm/npm/lodash.uniqby/-/lodash.uniqby-4.7.0.tgz#d99c07a669e9e6d24e1362dfe266c67616af1302"
  integrity sha1-2ZwHpmnp5tJOE2Lf4mbGdhavEwI=

minimist@~0.0.1:
  version "0.0.10"
  resolved "https://repo.forge.lmig.com/api/npm/npm/minimist/-/minimist-0.0.10.tgz#de3f98543dbf96082be48ad1a0c7cda836301dcf"
  integrity sha1-3j+YVD2/lggr5IrRoMfNqDYwHc8=

neo-async@^2.6.0:
  version "2.6.1"
  resolved "https://repo.forge.lmig.com/api/npm/npm/neo-async/-/neo-async-2.6.1.tgz#ac27ada66167fa8849a6addd837f6b189ad2081c"
  integrity sha1-rCetpmFn+ohJpq3dg39rGJrSCBw=

node-fetch@^2.3.0:
  version "2.6.0"
  resolved "https://repo.forge.lmig.com/api/npm/npm/node-fetch/-/node-fetch-2.6.0.tgz#e633456386d4aa55863f676a7ab0daa8fdecb0fd"
  integrity sha1-5jNFY4bUqlWGP2dqerDaqP3ssP0=

optimist@^0.6.1:
  version "0.6.1"
  resolved "https://repo.forge.lmig.com/api/npm/npm/optimist/-/optimist-0.6.1.tgz#da3ea74686fa21a19a111c326e90eb15a0196686"
  integrity sha1-2j6nRob6IaGaERwybpDrFaAZZoY=
  dependencies:
    minimist "~0.0.1"
    wordwrap "~0.0.2"

parse-github-url@^1.0.2:
  version "1.0.2"
  resolved "https://repo.forge.lmig.com/api/npm/npm/parse-github-url/-/parse-github-url-1.0.2.tgz#242d3b65cbcdda14bb50439e3242acf6971db395"
  integrity sha1-JC07ZcvN2hS7UEOeMkKs9pcds5U=

regenerator-runtime@^0.13.2:
  version "0.13.2"
  resolved "https://repo.forge.lmig.com/api/npm/npm/regenerator-runtime/-/regenerator-runtime-0.13.2.tgz#32e59c9a6fb9b1a4aff09b4930ca2d4477343447"
  integrity sha1-MuWcmm+5saSv8JtJMMotRHc0NEc=

semver@^6.0.0:
  version "6.0.0"
  resolved "https://repo.forge.lmig.com/api/npm/npm/semver/-/semver-6.0.0.tgz#05e359ee571e5ad7ed641a6eec1e547ba52dea65"
  integrity sha1-BeNZ7lceWtftZBpu7B5Ue6Ut6mU=

source-map@^0.6.1, source-map@~0.6.1:
  version "0.6.1"
  resolved "https://repo.forge.lmig.com/api/npm/npm/source-map/-/source-map-0.6.1.tgz#74722af32e9614e9c287a8d0bbde48b5e2f1a263"
  integrity sha1-dHIq8y6WFOnCh6jQu95IteLxomM=

uglify-js@^3.1.4:
  version "3.5.14"
  resolved "https://repo.forge.lmig.com/api/npm/npm/uglify-js/-/uglify-js-3.5.14.tgz#edf2a322c37fd7173a954fb35af199b52fb10946"
  integrity sha1-7fKjIsN/1xc6lU+zWvGZtS+xCUY=
  dependencies:
    commander "~2.20.0"
    source-map "~0.6.1"

wordwrap@~0.0.2:
  version "0.0.3"
  resolved "https://repo.forge.lmig.com/api/npm/npm/wordwrap/-/wordwrap-0.0.3.tgz#a3d5da6cd5c0bc0008d37234bbaf1bed63059107"
  integrity sha1-o9XabNXAvAAI03I0u68b7WMFkQc=
